{"1.1.0",
[{<<"aten">>,{pkg,<<"aten">>,<<"0.5.3">>},1},
 {<<"gen_batch_server">>,{pkg,<<"gen_batch_server">>,<<"0.8.2">>},1},
 {<<"map_sets">>,
  {git,"https://github.com/k32/map_sets",
       {ref,"b1e846e74b2a2adc95ce408ef3d3e4c0a022fd1c"}},
  0},
 {<<"ra">>,
  {git,"https://github.com/rabbitmq/ra",
       {ref,"38bcd32f0a9c552915ca3dea3651b0044edbcfb1"}},
  0}]}.
[
{pkg_hash,[
 {<<"aten">>, <<"C23747FB01C6A1248B2624EE2EAAD7B57ACAF2B5451B14DF4ACDF26CECDD91A7">>},
 {<<"gen_batch_server">>, <<"547F5656937AB36F1FB7921263F2F3E82D685AE99F32BCE06B803719AAE5D829">>}]}
].
